
Microsoft Visual Studio Solution File, Format Version 12.00
# Visual Studio 15
VisualStudioVersion = 15.0.28307.645
MinimumVisualStudioVersion = 10.0.40219.1
Project("{FAE04EC0-301F-11D3-BF4B-00C04F79EFBC}") = "Formularios", "Practica1\Formularios.csproj", "{436BEB4A-2428-4348-BC39-8F1D46FEB7C2}"
EndProject
Project("{FAE04EC0-301F-11D3-BF4B-00C04F79EFBC}") = "Logica", "Logica\Logica.csproj", "{552A1E01-ECC4-4948-8204-0017637564EF}"
EndProject
Global
	GlobalSection(SolutionConfigurationPlatforms) = preSolution
		Debug|Any CPU = Debug|Any CPU
		Release|Any CPU = Release|Any CPU
	EndGlobalSection
	GlobalSection(ProjectConfigurationPlatforms) = postSolution
		{436BEB4A-2428-4348-BC39-8F1D46FEB7C2}.Debug|Any CPU.ActiveCfg = Debug|Any CPU
		{436BEB4A-2428-4348-BC39-8F1D46FEB7C2}.Debug|Any CPU.Build.0 = Debug|Any CPU
		{436BEB4A-2428-4348-BC39-8F1D46FEB7C2}.Release|Any CPU.ActiveCfg = Release|Any CPU
		{436BEB4A-2428-4348-BC39-8F1D46FEB7C2}.Release|Any CPU.Build.0 = Release|Any CPU
		{552A1E01-ECC4-4948-8204-0017637564EF}.Debug|Any CPU.ActiveCfg = Debug|Any CPU
		{552A1E01-ECC4-4948-8204-0017637564EF}.Debug|Any CPU.Build.0 = Debug|Any CPU
		{552A1E01-ECC4-4948-8204-0017637564EF}.Release|Any CPU.ActiveCfg = Release|Any CPU
		{552A1E01-ECC4-4948-8204-0017637564EF}.Release|Any CPU.Build.0 = Release|Any CPU
	EndGlobalSection
	GlobalSection(SolutionProperties) = preSolution
		HideSolutionNode = FALSE
	EndGlobalSection
	GlobalSection(ExtensibilityGlobals) = postSolution
		SolutionGuid = {0957B3C6-253F-4761-8FCA-C4A0F17308E3}
	EndGlobalSection
EndGlobal
